{
  "nodes": {
    "nixpkgs": {
      "locked": {
        "lastModified": 1609077552,
        "narHash": "sha256-8DGeu+Nu7P79AE+yGLwXc+AeJusIVGg77PxlA5xUjDs=",
        "owner": "NixOS",
        "repo": "nixpkgs",
        "rev": "c958c1b6b2f94f2d1e45809cf4097aa72439130a",
        "type": "github"
      },
      "original": {
        "owner": "NixOS",
        "ref": "master",
        "repo": "nixpkgs",
        "type": "github"
      }
    },
    "root": {
      "inputs": {
        "nixpkgs": "nixpkgs"
      }
    }
  },
  "root": "root",
  "version": 7
}
